
Microsoft Visual Studio Solution File, Format Version 12.00
# Visual Studio Version 16
VisualStudioVersion = 16.0.32228.343
MinimumVisualStudioVersion = 10.0.40219.1
Project("{FAE04EC0-301F-11D3-BF4B-00C04F79EFBC}") = "QLNT_Winform", "QLNT_Winform\QLNT_Winform.csproj", "{8787DA54-EC81-4ED6-9E6E-4619617878ED}"
EndProject
Global
	GlobalSection(SolutionConfigurationPlatforms) = preSolution
		Debug|Any CPU = Debug|Any CPU
		Release|Any CPU = Release|Any CPU
	EndGlobalSection
	GlobalSection(ProjectConfigurationPlatforms) = postSolution
		{8787DA54-EC81-4ED6-9E6E-4619617878ED}.Debug|Any CPU.ActiveCfg = Debug|Any CPU
		{8787DA54-EC81-4ED6-9E6E-4619617878ED}.Debug|Any CPU.Build.0 = Debug|Any CPU
		{8787DA54-EC81-4ED6-9E6E-4619617878ED}.Release|Any CPU.ActiveCfg = Release|Any CPU
		{8787DA54-EC81-4ED6-9E6E-4619617878ED}.Release|Any CPU.Build.0 = Release|Any CPU
	EndGlobalSection
	GlobalSection(SolutionProperties) = preSolution
		HideSolutionNode = FALSE
	EndGlobalSection
	GlobalSection(ExtensibilityGlobals) = postSolution
		SolutionGuid = {BC22B3A6-8D42-4F3C-AD6B-F3DBA6383A79}
	EndGlobalSection
EndGlobal
